
Microsoft Visual Studio Solution File, Format Version 11.00
# Visual Studio 2010
Project("{FAE04EC0-301F-11D3-BF4B-00C04F79EFBC}") = "lab7", "lab7\lab7.csproj", "{78587E85-07F0-4A75-A2F8-45567D0AFC30}"
EndProject
Global
	GlobalSection(SolutionConfigurationPlatforms) = preSolution
		Debug|x86 = Debug|x86
		Release|x86 = Release|x86
	EndGlobalSection
	GlobalSection(ProjectConfigurationPlatforms) = postSolution
		{78587E85-07F0-4A75-A2F8-45567D0AFC30}.Debug|x86.ActiveCfg = Debug|x86
		{78587E85-07F0-4A75-A2F8-45567D0AFC30}.Debug|x86.Build.0 = Debug|x86
		{78587E85-07F0-4A75-A2F8-45567D0AFC30}.Release|x86.ActiveCfg = Release|x86
		{78587E85-07F0-4A75-A2F8-45567D0AFC30}.Release|x86.Build.0 = Release|x86
	EndGlobalSection
	GlobalSection(SolutionProperties) = preSolution
		HideSolutionNode = FALSE
	EndGlobalSection
EndGlobal
